
Microsoft Visual Studio Solution File, Format Version 11.00
# Visual Studio 2010
Project("{FAE04EC0-301F-11D3-BF4B-00C04F79EFBC}") = "A15_Ex03", "A15_Ex03\A15_Ex03.csproj", "{F36CAC49-9ECA-4C23-8AB9-97B94FED907F}"
EndProject
Global
	GlobalSection(SolutionConfigurationPlatforms) = preSolution
		Debug|x86 = Debug|x86
		Release|x86 = Release|x86
	EndGlobalSection
	GlobalSection(ProjectConfigurationPlatforms) = postSolution
		{F36CAC49-9ECA-4C23-8AB9-97B94FED907F}.Debug|x86.ActiveCfg = Debug|x86
		{F36CAC49-9ECA-4C23-8AB9-97B94FED907F}.Debug|x86.Build.0 = Debug|x86
		{F36CAC49-9ECA-4C23-8AB9-97B94FED907F}.Release|x86.ActiveCfg = Release|x86
		{F36CAC49-9ECA-4C23-8AB9-97B94FED907F}.Release|x86.Build.0 = Release|x86
	EndGlobalSection
	GlobalSection(SolutionProperties) = preSolution
		HideSolutionNode = FALSE
	EndGlobalSection
EndGlobal
